
Microsoft Visual Studio Solution File, Format Version 12.00
# Visual Studio Version 16
VisualStudioVersion = 16.0.31729.503
MinimumVisualStudioVersion = 10.0.40219.1
Project("{FAE04EC0-301F-11D3-BF4B-00C04F79EFBC}") = "1232", "1232\1232.csproj", "{631FEEEF-B2A3-4195-BF0B-97EB08BFE5EC}"
EndProject
Global
	GlobalSection(SolutionConfigurationPlatforms) = preSolution
		Debug|Any CPU = Debug|Any CPU
		Release|Any CPU = Release|Any CPU
	EndGlobalSection
	GlobalSection(ProjectConfigurationPlatforms) = postSolution
		{631FEEEF-B2A3-4195-BF0B-97EB08BFE5EC}.Debug|Any CPU.ActiveCfg = Debug|Any CPU
		{631FEEEF-B2A3-4195-BF0B-97EB08BFE5EC}.Debug|Any CPU.Build.0 = Debug|Any CPU
		{631FEEEF-B2A3-4195-BF0B-97EB08BFE5EC}.Release|Any CPU.ActiveCfg = Release|Any CPU
		{631FEEEF-B2A3-4195-BF0B-97EB08BFE5EC}.Release|Any CPU.Build.0 = Release|Any CPU
	EndGlobalSection
	GlobalSection(SolutionProperties) = preSolution
		HideSolutionNode = FALSE
	EndGlobalSection
	GlobalSection(ExtensibilityGlobals) = postSolution
		SolutionGuid = {5A5B8CAA-AD81-4FBA-9768-D713C6F87C0D}
	EndGlobalSection
EndGlobal
